
Microsoft Visual Studio Solution File, Format Version 12.00
# Visual Studio Version 18
VisualStudioVersion = 18.4.11626.88
MinimumVisualStudioVersion = 10.0.40219.1
Project("{FAE04EC0-301F-11D3-BF4B-00C04F79EFBC}") = "Breakfast", "Breakfast\Breakfast.csproj", "{5CCB33D8-FAE9-EBFA-1567-76B078B5F58D}"
EndProject
Project("{FAE04EC0-301F-11D3-BF4B-00C04F79EFBC}") = "Breakfast.Tests", "Breakfast.Tests\Breakfast.Tests.csproj", "{0CCC77DE-0418-4444-8B05-18789A328AD5}"
EndProject
Project("{FAE04EC0-301F-11D3-BF4B-00C04F79EFBC}") = "DotnetFoundationAPI", "DotnetFoundation\DotnetFoundationAPI.csproj", "{99EED0BB-3D88-4771-90C8-82410F6583D4}"
EndProject
Project("{FAE04EC0-301F-11D3-BF4B-00C04F79EFBC}") = "AsyncProgrammingScenarios", "AsyncProgrammingScenarios\AsyncProgrammingScenarios.csproj", "{6D7655F4-0133-47D2-AFCB-B1747191B47B}"
EndProject
Project("{FAE04EC0-301F-11D3-BF4B-00C04F79EFBC}") = "AsyncReturnTypes", "AsyncReturnTypes\AsyncReturnTypes.csproj", "{0DF97AB6-EC0F-4113-AAE9-7EEACCAF09FA}"
EndProject
Project("{FAE04EC0-301F-11D3-BF4B-00C04F79EFBC}") = "AsyncProcessTasksAsTheyComplete", "AsyncProcessTasksAsTheyComplete\AsyncProcessTasksAsTheyComplete.csproj", "{F1B5143D-8D2B-495D-9C22-EA714105FBD3}"
EndProject
Project("{FAE04EC0-301F-11D3-BF4B-00C04F79EFBC}") = "AsyncFileAccess", "AsyncFileAccess\AsyncFileAccess.csproj", "{CAC24DCC-C379-4A31-8B44-426278734AAC}"
EndProject
Project("{FAE04EC0-301F-11D3-BF4B-00C04F79EFBC}") = "AsyncCancelListOfTasks", "AsyncCancelListOfTasks\AsyncCancelListOfTasks.csproj", "{F7A47754-6528-4708-A941-FBEBEFE56700}"
EndProject
Global
	GlobalSection(SolutionConfigurationPlatforms) = preSolution
		Debug|Any CPU = Debug|Any CPU
		Release|Any CPU = Release|Any CPU
	EndGlobalSection
	GlobalSection(ProjectConfigurationPlatforms) = postSolution
		{5CCB33D8-FAE9-EBFA-1567-76B078B5F58D}.Debug|Any CPU.ActiveCfg = Debug|Any CPU
		{5CCB33D8-FAE9-EBFA-1567-76B078B5F58D}.Debug|Any CPU.Build.0 = Debug|Any CPU
		{5CCB33D8-FAE9-EBFA-1567-76B078B5F58D}.Release|Any CPU.ActiveCfg = Release|Any CPU
		{5CCB33D8-FAE9-EBFA-1567-76B078B5F58D}.Release|Any CPU.Build.0 = Release|Any CPU
		{0CCC77DE-0418-4444-8B05-18789A328AD5}.Debug|Any CPU.ActiveCfg = Debug|Any CPU
		{0CCC77DE-0418-4444-8B05-18789A328AD5}.Debug|Any CPU.Build.0 = Debug|Any CPU
		{0CCC77DE-0418-4444-8B05-18789A328AD5}.Release|Any CPU.ActiveCfg = Release|Any CPU
		{0CCC77DE-0418-4444-8B05-18789A328AD5}.Release|Any CPU.Build.0 = Release|Any CPU
		{99EED0BB-3D88-4771-90C8-82410F6583D4}.Debug|Any CPU.ActiveCfg = Debug|Any CPU
		{99EED0BB-3D88-4771-90C8-82410F6583D4}.Debug|Any CPU.Build.0 = Debug|Any CPU
		{99EED0BB-3D88-4771-90C8-82410F6583D4}.Release|Any CPU.ActiveCfg = Release|Any CPU
		{99EED0BB-3D88-4771-90C8-82410F6583D4}.Release|Any CPU.Build.0 = Release|Any CPU
		{6D7655F4-0133-47D2-AFCB-B1747191B47B}.Debug|Any CPU.ActiveCfg = Debug|Any CPU
		{6D7655F4-0133-47D2-AFCB-B1747191B47B}.Debug|Any CPU.Build.0 = Debug|Any CPU
		{6D7655F4-0133-47D2-AFCB-B1747191B47B}.Release|Any CPU.ActiveCfg = Release|Any CPU
		{6D7655F4-0133-47D2-AFCB-B1747191B47B}.Release|Any CPU.Build.0 = Release|Any CPU
		{0DF97AB6-EC0F-4113-AAE9-7EEACCAF09FA}.Debug|Any CPU.ActiveCfg = Debug|Any CPU
		{0DF97AB6-EC0F-4113-AAE9-7EEACCAF09FA}.Debug|Any CPU.Build.0 = Debug|Any CPU
		{0DF97AB6-EC0F-4113-AAE9-7EEACCAF09FA}.Release|Any CPU.ActiveCfg = Release|Any CPU
		{0DF97AB6-EC0F-4113-AAE9-7EEACCAF09FA}.Release|Any CPU.Build.0 = Release|Any CPU
		{F1B5143D-8D2B-495D-9C22-EA714105FBD3}.Debug|Any CPU.ActiveCfg = Debug|Any CPU
		{F1B5143D-8D2B-495D-9C22-EA714105FBD3}.Debug|Any CPU.Build.0 = Debug|Any CPU
		{F1B5143D-8D2B-495D-9C22-EA714105FBD3}.Release|Any CPU.ActiveCfg = Release|Any CPU
		{F1B5143D-8D2B-495D-9C22-EA714105FBD3}.Release|Any CPU.Build.0 = Release|Any CPU
		{CAC24DCC-C379-4A31-8B44-426278734AAC}.Debug|Any CPU.ActiveCfg = Debug|Any CPU
		{CAC24DCC-C379-4A31-8B44-426278734AAC}.Debug|Any CPU.Build.0 = Debug|Any CPU
		{CAC24DCC-C379-4A31-8B44-426278734AAC}.Release|Any CPU.ActiveCfg = Release|Any CPU
		{CAC24DCC-C379-4A31-8B44-426278734AAC}.Release|Any CPU.Build.0 = Release|Any CPU
		{F7A47754-6528-4708-A941-FBEBEFE56700}.Debug|Any CPU.ActiveCfg = Debug|Any CPU
		{F7A47754-6528-4708-A941-FBEBEFE56700}.Debug|Any CPU.Build.0 = Debug|Any CPU
		{F7A47754-6528-4708-A941-FBEBEFE56700}.Release|Any CPU.ActiveCfg = Release|Any CPU
		{F7A47754-6528-4708-A941-FBEBEFE56700}.Release|Any CPU.Build.0 = Release|Any CPU
	EndGlobalSection
	GlobalSection(SolutionProperties) = preSolution
		HideSolutionNode = FALSE
	EndGlobalSection
	GlobalSection(ExtensibilityGlobals) = postSolution
		SolutionGuid = {E90D3EC1-3FD0-4195-A872-E13BEF77CB76}
	EndGlobalSection
EndGlobal
